
Microsoft Visual Studio Solution File, Format Version 12.00
# Visual Studio Version 16
VisualStudioVersion = 25.0.1704.2
MinimumVisualStudioVersion = 10.0.40219.1
Project("{FAE04EC0-301F-11D3-BF4B-00C04F79EFBC}") = "Sample.Android", "Sample\Sample.Android\Sample.Android.csproj", "{08F5ECAC-9F3B-4F96-BA96-D873F03B9E3E}"
EndProject
Project("{FAE04EC0-301F-11D3-BF4B-00C04F79EFBC}") = "Sample.iOS", "Sample\Sample.iOS\Sample.iOS.csproj", "{DCB9FCA2-C7B3-4D2D-A08A-2E44450AB954}"
EndProject
Project("{FAE04EC0-301F-11D3-BF4B-00C04F79EFBC}") = "Sample", "Sample\Sample\Sample.csproj", "{9482C109-D275-4C77-A896-44D2DCD5F9B2}"
EndProject
Global
	GlobalSection(SolutionConfigurationPlatforms) = preSolution
		Debug|Any CPU = Debug|Any CPU
		Release|Any CPU = Release|Any CPU
		Debug|iPhoneSimulator = Debug|iPhoneSimulator
		Release|iPhoneSimulator = Release|iPhoneSimulator
		Debug|iPhone = Debug|iPhone
		Release|iPhone = Release|iPhone
	EndGlobalSection
	GlobalSection(ProjectConfigurationPlatforms) = postSolution
		{08F5ECAC-9F3B-4F96-BA96-D873F03B9E3E}.Debug|Any CPU.ActiveCfg = Debug|Any CPU
		{08F5ECAC-9F3B-4F96-BA96-D873F03B9E3E}.Debug|Any CPU.Build.0 = Debug|Any CPU
		{08F5ECAC-9F3B-4F96-BA96-D873F03B9E3E}.Release|Any CPU.ActiveCfg = Release|Any CPU
		{08F5ECAC-9F3B-4F96-BA96-D873F03B9E3E}.Release|Any CPU.Build.0 = Release|Any CPU
		{08F5ECAC-9F3B-4F96-BA96-D873F03B9E3E}.Debug|iPhoneSimulator.ActiveCfg = Debug|Any CPU
		{08F5ECAC-9F3B-4F96-BA96-D873F03B9E3E}.Debug|iPhoneSimulator.Build.0 = Debug|Any CPU
		{08F5ECAC-9F3B-4F96-BA96-D873F03B9E3E}.Release|iPhoneSimulator.ActiveCfg = Release|Any CPU
		{08F5ECAC-9F3B-4F96-BA96-D873F03B9E3E}.Release|iPhoneSimulator.Build.0 = Release|Any CPU
		{08F5ECAC-9F3B-4F96-BA96-D873F03B9E3E}.Debug|iPhone.ActiveCfg = Debug|Any CPU
		{08F5ECAC-9F3B-4F96-BA96-D873F03B9E3E}.Debug|iPhone.Build.0 = Debug|Any CPU
		{08F5ECAC-9F3B-4F96-BA96-D873F03B9E3E}.Release|iPhone.ActiveCfg = Release|Any CPU
		{08F5ECAC-9F3B-4F96-BA96-D873F03B9E3E}.Release|iPhone.Build.0 = Release|Any CPU
		{DCB9FCA2-C7B3-4D2D-A08A-2E44450AB954}.Debug|Any CPU.ActiveCfg = Debug|iPhoneSimulator
		{DCB9FCA2-C7B3-4D2D-A08A-2E44450AB954}.Debug|Any CPU.Build.0 = Debug|iPhoneSimulator
		{DCB9FCA2-C7B3-4D2D-A08A-2E44450AB954}.Release|Any CPU.ActiveCfg = Release|iPhoneSimulator
		{DCB9FCA2-C7B3-4D2D-A08A-2E44450AB954}.Release|Any CPU.Build.0 = Release|iPhoneSimulator
		{DCB9FCA2-C7B3-4D2D-A08A-2E44450AB954}.Debug|iPhoneSimulator.ActiveCfg = Debug|iPhoneSimulator
		{DCB9FCA2-C7B3-4D2D-A08A-2E44450AB954}.Debug|iPhoneSimulator.Build.0 = Debug|iPhoneSimulator
		{DCB9FCA2-C7B3-4D2D-A08A-2E44450AB954}.Release|iPhoneSimulator.ActiveCfg = Release|iPhoneSimulator
		{DCB9FCA2-C7B3-4D2D-A08A-2E44450AB954}.Release|iPhoneSimulator.Build.0 = Release|iPhoneSimulator
		{DCB9FCA2-C7B3-4D2D-A08A-2E44450AB954}.Debug|iPhone.ActiveCfg = Debug|iPhone
		{DCB9FCA2-C7B3-4D2D-A08A-2E44450AB954}.Debug|iPhone.Build.0 = Debug|iPhone
		{DCB9FCA2-C7B3-4D2D-A08A-2E44450AB954}.Release|iPhone.ActiveCfg = Release|iPhone
		{DCB9FCA2-C7B3-4D2D-A08A-2E44450AB954}.Release|iPhone.Build.0 = Release|iPhone
		{9482C109-D275-4C77-A896-44D2DCD5F9B2}.Debug|Any CPU.ActiveCfg = Debug|Any CPU
		{9482C109-D275-4C77-A896-44D2DCD5F9B2}.Debug|Any CPU.Build.0 = Debug|Any CPU
		{9482C109-D275-4C77-A896-44D2DCD5F9B2}.Release|Any CPU.ActiveCfg = Release|Any CPU
		{9482C109-D275-4C77-A896-44D2DCD5F9B2}.Release|Any CPU.Build.0 = Release|Any CPU
		{9482C109-D275-4C77-A896-44D2DCD5F9B2}.Debug|iPhoneSimulator.ActiveCfg = Debug|Any CPU
		{9482C109-D275-4C77-A896-44D2DCD5F9B2}.Debug|iPhoneSimulator.Build.0 = Debug|Any CPU
		{9482C109-D275-4C77-A896-44D2DCD5F9B2}.Release|iPhoneSimulator.ActiveCfg = Release|Any CPU
		{9482C109-D275-4C77-A896-44D2DCD5F9B2}.Release|iPhoneSimulator.Build.0 = Release|Any CPU
		{9482C109-D275-4C77-A896-44D2DCD5F9B2}.Debug|iPhone.ActiveCfg = Debug|Any CPU
		{9482C109-D275-4C77-A896-44D2DCD5F9B2}.Debug|iPhone.Build.0 = Debug|Any CPU
		{9482C109-D275-4C77-A896-44D2DCD5F9B2}.Release|iPhone.ActiveCfg = Release|Any CPU
		{9482C109-D275-4C77-A896-44D2DCD5F9B2}.Release|iPhone.Build.0 = Release|Any CPU
	EndGlobalSection
	GlobalSection(SolutionProperties) = preSolution
		HideSolutionNode = FALSE
	EndGlobalSection
	GlobalSection(ExtensibilityGlobals) = postSolution
		SolutionGuid = {FD9883FC-8CB8-4094-8D8B-F232C8170227}
	EndGlobalSection
EndGlobal
